{
    "_readme": [
        "This file locks the dependencies of your project to a known state",
        "Read more about it at https://getcomposer.org/doc/01-basic-usage.md#composer-lock-the-lock-file",
        "This file is @generated automatically"
    ],
    "content-hash": "da1ea017fbe75c7bd2c3ed1de330596a",
    "packages": [
        {
            "name": "orr/jdo",
            "version": "dev-master",
            "source": {
                "type": "git",
                "url": "https://github.com/suchartbu/jdo.git",
                "reference": "c80bcefa404134074cf2c125aa05b94ca3fa3403"
            },
            "dist": {
                "type": "zip",
                "url": "https://api.github.com/repos/suchartbu/jdo/zipball/c80bcefa404134074cf2c125aa05b94ca3fa3403",
                "reference": "c80bcefa404134074cf2c125aa05b94ca3fa3403",
                "shasum": ""
            },
            "require": {
                "php": ">=7.2"
            },
            "type": "library",
            "autoload": {
                "psr-4": {
                    "Orr\\Lib\\": "src/"
                }
            },
            "notification-url": "https://packagist.org/downloads/",
            "license": [
                "MIT"
            ],
            "authors": [
                {
                    "name": "Suchart Bunhachirat",
                    "email": "suchartbu@gmail.com"
                }
            ],
            "description": "PHP JDBC",
            "keywords": [
                "as400",
                "db2",
                "jdbc"
            ],
            "time": "2019-07-04T11:40:56+00:00"
        }
    ],
    "packages-dev": [],
    "aliases": [],
    "minimum-stability": "stable",
    "stability-flags": {
        "orr/jdo": 20
    },
    "prefer-stable": false,
    "prefer-lowest": false,
    "platform": [],
    "platform-dev": []
}
